{
  "name": "cm6-monarch",
  "version": "0.1",
  "lockfileVersion": 2,
  "requires": true,
  "packages": {
    "": {
      "name": "cm6-monarch",
      "version": "0.1",
      "license": "MIT",
      "dependencies": {
        "@codemirror/next": "^0.16.0",
        "lezer": "^0.13.1",
        "lezer-tree": "^0.13.0",
        "typescript": "^4.1.3"
      }
    },
    "node_modules/@codemirror/next": {
      "version": "0.16.0",
      "resolved": "https://registry.npmjs.org/@codemirror/next/-/next-0.16.0.tgz",
      "integrity": "sha512-l45zvRlWL1wBHse8OSCXYIxQbeYaIO/DPcqyzUQQBYYdk/tM8ZaCmDqLS15dvLbN2EFkj8RgURg0srDlO6aYJw==",
      "license": "(MIT OR GPL-3.0)",
      "dependencies": {
        "crelt": "^1.0.5",
        "lezer": "^0.13.0",
        "lezer-cpp": "^0.13.0",
        "lezer-css": "^0.13.0",
        "lezer-html": "^0.13.0",
        "lezer-java": "^0.13.0",
        "lezer-javascript": "^0.13.0",
        "lezer-json": "^0.13.0",
        "lezer-markdown": "^0.13.0",
        "lezer-python": "^0.13.0",
        "lezer-rust": "^0.13.0",
        "lezer-tree": "^0.13.0",
        "lezer-xml": "^0.13.0",
        "style-mod": "^3.2.0",
        "w3c-keyname": "^2.2.4"
      }
    },
    "node_modules/crelt": {
      "version": "1.0.5",
      "resolved": "https://registry.npmjs.org/crelt/-/crelt-1.0.5.tgz",
      "integrity": "sha512-+BO9wPPi+DWTDcNYhr/W90myha8ptzftZT+LwcmUbbok0rcP/fequmFYCw8NMoH7pkAZQzU78b3kYrlua5a9eA=="
    },
    "node_modules/lezer": {
      "version": "0.13.1",
      "resolved": "https://registry.npmjs.org/lezer/-/lezer-0.13.1.tgz",
      "integrity": "sha512-aDX9OHYWQFt3s7C0IEil//Lckxbr02dCRyxB/uTxVuZjBsNHnUJ8Y83OgDi+uNFwRsexhdoMF0/PSvmky/Fg/g==",
      "dependencies": {
        "lezer-tree": "^0.13.0"
      }
    },
    "node_modules/lezer-cpp": {
      "version": "0.13.1",
      "resolved": "https://registry.npmjs.org/lezer-cpp/-/lezer-cpp-0.13.1.tgz",
      "integrity": "sha512-z2L6t8rNaT482fGdca6o86zJat6Nhmt2GJeSeFXKiIjZFpOpPJzm91hHhNzhb31kjs75dq0kCDv1N9fEJrtqng==",
      "dependencies": {
        "lezer": "^0.13.0"
      }
    },
    "node_modules/lezer-css": {
      "version": "0.13.1",
      "resolved": "https://registry.npmjs.org/lezer-css/-/lezer-css-0.13.1.tgz",
      "integrity": "sha512-ke56tjG17IZ+EFiY50P2WinjhgZQB7OecRVZmYQbVuwv5iUdLemA4vLjaFsAbgoSg+4pfOms7Ns9nItoJcmFpg==",
      "dependencies": {
        "lezer": "^0.13.0"
      }
    },
    "node_modules/lezer-html": {
      "version": "0.13.1",
      "resolved": "https://registry.npmjs.org/lezer-html/-/lezer-html-0.13.1.tgz",
      "integrity": "sha512-ss4/dwfT7DL/vYeFlQZi0ztXi8R+IUv6nXRHbDCRPVQL5ZnrYw1tUT7y4DvU+haXjEnuQFR70zX/6SilSdXvxA==",
      "dependencies": {
        "lezer": "^0.13.0"
      }
    },
    "node_modules/lezer-java": {
      "version": "0.13.2",
      "resolved": "https://registry.npmjs.org/lezer-java/-/lezer-java-0.13.2.tgz",
      "integrity": "sha512-+BMv172xMTK5zZK0O3BM8SbQ0NK7Z99O5/QWnwt46j6fTGr79HO4n/nuxzzCmq0mQFcweqV2x3QG/L/6zRb7dQ==",
      "dependencies": {
        "lezer": "^0.13.0"
      }
    },
    "node_modules/lezer-javascript": {
      "version": "0.13.1",
      "resolved": "https://registry.npmjs.org/lezer-javascript/-/lezer-javascript-0.13.1.tgz",
      "integrity": "sha512-aECnPTtNyy7fwR36TKVx22lFP+5H1F+cAbMWkPtM95i3ShnxNzRfeZsh8VHljafsIBjLQzGlyYX0SY7gaSGk6w==",
      "dependencies": {
        "lezer": "^0.13.0"
      }
    },
    "node_modules/lezer-json": {
      "version": "0.13.1",
      "resolved": "https://registry.npmjs.org/lezer-json/-/lezer-json-0.13.1.tgz",
      "integrity": "sha512-iXIXSjqa/+jmaDKD4yPgpwfwQlbOcu/IaFgZ+3dgo3oVtitEVlAJYcfw8g9ywJtae3CYQlyOX9mjyi0VCNPlNg==",
      "dependencies": {
        "lezer": "^0.13.0"
      }
    },
    "node_modules/lezer-markdown": {
      "version": "0.13.0",
      "resolved": "https://registry.npmjs.org/lezer-markdown/-/lezer-markdown-0.13.0.tgz",
      "integrity": "sha512-NrWO7skcqqWAr1ui8x1Sh1vMIYlE8re4bpMcno+8/V0zsjPSKgfFqNb9NB9tUK4PJpObJab7+VG1WmCncQrLUg==",
      "dependencies": {
        "lezer-html": "^0.13.0",
        "lezer-tree": "^0.13.0"
      }
    },
    "node_modules/lezer-python": {
      "version": "0.13.1",
      "resolved": "https://registry.npmjs.org/lezer-python/-/lezer-python-0.13.1.tgz",
      "integrity": "sha512-X/gOVWZ+29VcCN8t0P4AudvdeH46LUSeWPEbXK0Ka5DNBXltXAuXzxnofXdvcf7CvX6BvXU79tV1FH5BbCkl8w==",
      "dependencies": {
        "lezer": "^0.13.0"
      }
    },
    "node_modules/lezer-rust": {
      "version": "0.13.1",
      "resolved": "https://registry.npmjs.org/lezer-rust/-/lezer-rust-0.13.1.tgz",
      "integrity": "sha512-mn27bruCQfgKsyUV4vW/cUcUtZ0TjwNOFR299ZQxfxKSs4UUg0b6Jvu436ROYo5lxquKXf2BQdFWSttMoSlysg==",
      "dependencies": {
        "lezer": "^0.13.0"
      }
    },
    "node_modules/lezer-tree": {
      "version": "0.13.0",
      "resolved": "https://registry.npmjs.org/lezer-tree/-/lezer-tree-0.13.0.tgz",
      "integrity": "sha512-YqGD22WxQmT6np2JEX5Z+zhdBSfPEcQ8B6ct+39oLzSAHecUPUd/maN5PKNtnUZbSzd81mEx1ZqzMDA1eRSRcg=="
    },
    "node_modules/lezer-xml": {
      "version": "0.13.1",
      "resolved": "https://registry.npmjs.org/lezer-xml/-/lezer-xml-0.13.1.tgz",
      "integrity": "sha512-nY4hvqF/ISC6clG3hvyBmw51bbmw7syttTOFOCOOHs+GKr0WncUZA7t+K3wGmI51+zBcT4nrxuYXvBB/kkCKdw==",
      "dependencies": {
        "lezer": "^0.13.0"
      }
    },
    "node_modules/style-mod": {
      "version": "3.2.0",
      "resolved": "https://registry.npmjs.org/style-mod/-/style-mod-3.2.0.tgz",
      "integrity": "sha512-U8aygkBSFYXvWnOj49TEGa1baShfvoN2wOkbnfmu7UBmzj7Y3Zz13MnOdrdBVFyAq4UIgFN2+9RRCzucZH1oDA=="
    },
    "node_modules/typescript": {
      "version": "4.1.3",
      "resolved": "https://registry.npmjs.org/typescript/-/typescript-4.1.3.tgz",
      "integrity": "sha512-B3ZIOf1IKeH2ixgHhj6la6xdwR9QrLC5d1VKeCSY4tvkqhF2eqd9O7txNlS0PO3GrBAFIdr3L1ndNwteUbZLYg==",
      "bin": {
        "tsc": "bin/tsc",
        "tsserver": "bin/tsserver"
      },
      "engines": {
        "node": ">=4.2.0"
      }
    },
    "node_modules/w3c-keyname": {
      "version": "2.2.4",
      "resolved": "https://registry.npmjs.org/w3c-keyname/-/w3c-keyname-2.2.4.tgz",
      "integrity": "sha512-tOhfEwEzFLJzf6d1ZPkYfGj+FWhIpBux9ppoP3rlclw3Z0BZv3N7b7030Z1kYth+6rDuAsXUFr+d0VE6Ed1ikw=="
    }
  },
  "dependencies": {
    "@codemirror/next": {
      "version": "0.16.0",
      "resolved": "https://registry.npmjs.org/@codemirror/next/-/next-0.16.0.tgz",
      "integrity": "sha512-l45zvRlWL1wBHse8OSCXYIxQbeYaIO/DPcqyzUQQBYYdk/tM8ZaCmDqLS15dvLbN2EFkj8RgURg0srDlO6aYJw==",
      "requires": {
        "crelt": "^1.0.5",
        "lezer": "^0.13.0",
        "lezer-cpp": "^0.13.0",
        "lezer-css": "^0.13.0",
        "lezer-html": "^0.13.0",
        "lezer-java": "^0.13.0",
        "lezer-javascript": "^0.13.0",
        "lezer-json": "^0.13.0",
        "lezer-markdown": "^0.13.0",
        "lezer-python": "^0.13.0",
        "lezer-rust": "^0.13.0",
        "lezer-tree": "^0.13.0",
        "lezer-xml": "^0.13.0",
        "style-mod": "^3.2.0",
        "w3c-keyname": "^2.2.4"
      }
    },
    "crelt": {
      "version": "1.0.5",
      "resolved": "https://registry.npmjs.org/crelt/-/crelt-1.0.5.tgz",
      "integrity": "sha512-+BO9wPPi+DWTDcNYhr/W90myha8ptzftZT+LwcmUbbok0rcP/fequmFYCw8NMoH7pkAZQzU78b3kYrlua5a9eA=="
    },
    "lezer": {
      "version": "0.13.1",
      "resolved": "https://registry.npmjs.org/lezer/-/lezer-0.13.1.tgz",
      "integrity": "sha512-aDX9OHYWQFt3s7C0IEil//Lckxbr02dCRyxB/uTxVuZjBsNHnUJ8Y83OgDi+uNFwRsexhdoMF0/PSvmky/Fg/g==",
      "requires": {
        "lezer-tree": "^0.13.0"
      }
    },
    "lezer-cpp": {
      "version": "0.13.1",
      "resolved": "https://registry.npmjs.org/lezer-cpp/-/lezer-cpp-0.13.1.tgz",
      "integrity": "sha512-z2L6t8rNaT482fGdca6o86zJat6Nhmt2GJeSeFXKiIjZFpOpPJzm91hHhNzhb31kjs75dq0kCDv1N9fEJrtqng==",
      "requires": {
        "lezer": "^0.13.0"
      }
    },
    "lezer-css": {
      "version": "0.13.1",
      "resolved": "https://registry.npmjs.org/lezer-css/-/lezer-css-0.13.1.tgz",
      "integrity": "sha512-ke56tjG17IZ+EFiY50P2WinjhgZQB7OecRVZmYQbVuwv5iUdLemA4vLjaFsAbgoSg+4pfOms7Ns9nItoJcmFpg==",
      "requires": {
        "lezer": "^0.13.0"
      }
    },
    "lezer-html": {
      "version": "0.13.1",
      "resolved": "https://registry.npmjs.org/lezer-html/-/lezer-html-0.13.1.tgz",
      "integrity": "sha512-ss4/dwfT7DL/vYeFlQZi0ztXi8R+IUv6nXRHbDCRPVQL5ZnrYw1tUT7y4DvU+haXjEnuQFR70zX/6SilSdXvxA==",
      "requires": {
        "lezer": "^0.13.0"
      }
    },
    "lezer-java": {
      "version": "0.13.2",
      "resolved": "https://registry.npmjs.org/lezer-java/-/lezer-java-0.13.2.tgz",
      "integrity": "sha512-+BMv172xMTK5zZK0O3BM8SbQ0NK7Z99O5/QWnwt46j6fTGr79HO4n/nuxzzCmq0mQFcweqV2x3QG/L/6zRb7dQ==",
      "requires": {
        "lezer": "^0.13.0"
      }
    },
    "lezer-javascript": {
      "version": "0.13.1",
      "resolved": "https://registry.npmjs.org/lezer-javascript/-/lezer-javascript-0.13.1.tgz",
      "integrity": "sha512-aECnPTtNyy7fwR36TKVx22lFP+5H1F+cAbMWkPtM95i3ShnxNzRfeZsh8VHljafsIBjLQzGlyYX0SY7gaSGk6w==",
      "requires": {
        "lezer": "^0.13.0"
      }
    },
    "lezer-json": {
      "version": "0.13.1",
      "resolved": "https://registry.npmjs.org/lezer-json/-/lezer-json-0.13.1.tgz",
      "integrity": "sha512-iXIXSjqa/+jmaDKD4yPgpwfwQlbOcu/IaFgZ+3dgo3oVtitEVlAJYcfw8g9ywJtae3CYQlyOX9mjyi0VCNPlNg==",
      "requires": {
        "lezer": "^0.13.0"
      }
    },
    "lezer-markdown": {
      "version": "0.13.0",
      "resolved": "https://registry.npmjs.org/lezer-markdown/-/lezer-markdown-0.13.0.tgz",
      "integrity": "sha512-NrWO7skcqqWAr1ui8x1Sh1vMIYlE8re4bpMcno+8/V0zsjPSKgfFqNb9NB9tUK4PJpObJab7+VG1WmCncQrLUg==",
      "requires": {
        "lezer-html": "^0.13.0",
        "lezer-tree": "^0.13.0"
      }
    },
    "lezer-python": {
      "version": "0.13.1",
      "resolved": "https://registry.npmjs.org/lezer-python/-/lezer-python-0.13.1.tgz",
      "integrity": "sha512-X/gOVWZ+29VcCN8t0P4AudvdeH46LUSeWPEbXK0Ka5DNBXltXAuXzxnofXdvcf7CvX6BvXU79tV1FH5BbCkl8w==",
      "requires": {
        "lezer": "^0.13.0"
      }
    },
    "lezer-rust": {
      "version": "0.13.1",
      "resolved": "https://registry.npmjs.org/lezer-rust/-/lezer-rust-0.13.1.tgz",
      "integrity": "sha512-mn27bruCQfgKsyUV4vW/cUcUtZ0TjwNOFR299ZQxfxKSs4UUg0b6Jvu436ROYo5lxquKXf2BQdFWSttMoSlysg==",
      "requires": {
        "lezer": "^0.13.0"
      }
    },
    "lezer-tree": {
      "version": "0.13.0",
      "resolved": "https://registry.npmjs.org/lezer-tree/-/lezer-tree-0.13.0.tgz",
      "integrity": "sha512-YqGD22WxQmT6np2JEX5Z+zhdBSfPEcQ8B6ct+39oLzSAHecUPUd/maN5PKNtnUZbSzd81mEx1ZqzMDA1eRSRcg=="
    },
    "lezer-xml": {
      "version": "0.13.1",
      "resolved": "https://registry.npmjs.org/lezer-xml/-/lezer-xml-0.13.1.tgz",
      "integrity": "sha512-nY4hvqF/ISC6clG3hvyBmw51bbmw7syttTOFOCOOHs+GKr0WncUZA7t+K3wGmI51+zBcT4nrxuYXvBB/kkCKdw==",
      "requires": {
        "lezer": "^0.13.0"
      }
    },
    "style-mod": {
      "version": "3.2.0",
      "resolved": "https://registry.npmjs.org/style-mod/-/style-mod-3.2.0.tgz",
      "integrity": "sha512-U8aygkBSFYXvWnOj49TEGa1baShfvoN2wOkbnfmu7UBmzj7Y3Zz13MnOdrdBVFyAq4UIgFN2+9RRCzucZH1oDA=="
    },
    "typescript": {
      "version": "4.1.3",
      "resolved": "https://registry.npmjs.org/typescript/-/typescript-4.1.3.tgz",
      "integrity": "sha512-B3ZIOf1IKeH2ixgHhj6la6xdwR9QrLC5d1VKeCSY4tvkqhF2eqd9O7txNlS0PO3GrBAFIdr3L1ndNwteUbZLYg=="
    },
    "w3c-keyname": {
      "version": "2.2.4",
      "resolved": "https://registry.npmjs.org/w3c-keyname/-/w3c-keyname-2.2.4.tgz",
      "integrity": "sha512-tOhfEwEzFLJzf6d1ZPkYfGj+FWhIpBux9ppoP3rlclw3Z0BZv3N7b7030Z1kYth+6rDuAsXUFr+d0VE6Ed1ikw=="
    }
  }
}
