{
  "name": "cm6-monarch",
  "version": "0.3.0",
  "lockfileVersion": 2,
  "requires": true,
  "packages": {
    "": {
      "name": "cm6-monarch",
      "version": "0.3.0",
      "license": "MIT",
      "dependencies": {
        "@codemirror/highlight": "^0.17.2",
        "@codemirror/language": "^0.17.4",
        "@codemirror/state": "^0.17.1",
        "lezer": "^0.13.1",
        "lezer-tree": "^0.13.1",
        "typescript": "^4.1.5"
      }
    },
    "node_modules/@codemirror/highlight": {
      "version": "0.17.2",
      "resolved": "https://registry.npmjs.org/@codemirror/highlight/-/highlight-0.17.2.tgz",
      "integrity": "sha512-KmSOCHjPv7yO9NAtQnqCNwjLHVwFh9InMwul0+JSsor1qLfBR1ljlmqLr7KUe9WWRnM7oD/eSuwF5uNpGtuaNw==",
      "dependencies": {
        "@codemirror/language": "^0.17.0",
        "@codemirror/rangeset": "^0.17.0",
        "@codemirror/state": "^0.17.0",
        "@codemirror/view": "^0.17.0",
        "lezer-tree": "^0.13.0",
        "style-mod": "^3.2.0"
      }
    },
    "node_modules/@codemirror/language": {
      "version": "0.17.4",
      "resolved": "https://registry.npmjs.org/@codemirror/language/-/language-0.17.4.tgz",
      "integrity": "sha512-PAYrnmc1GaUcWjnxydbrhrMUYl/biIv4/fCJdInwHdox7f3WOdOhYwST/B803xVBzlse8spJo2M1+syMxJPM5w==",
      "license": "MIT",
      "dependencies": {
        "@codemirror/state": "^0.17.0",
        "@codemirror/text": "^0.17.0",
        "@codemirror/view": "^0.17.0",
        "lezer": "^0.13.0",
        "lezer-tree": "^0.13.0"
      }
    },
    "node_modules/@codemirror/rangeset": {
      "version": "0.17.0",
      "resolved": "https://registry.npmjs.org/@codemirror/rangeset/-/rangeset-0.17.0.tgz",
      "integrity": "sha512-LbRyvhyZupXvNBv8UNjIvFKbBhjtbRd+jFxt0A0OUUN4Nol7B12NROVOL3P/MdwoMdR7/FHIIw2zppFTyFZw9A==",
      "dependencies": {
        "@codemirror/state": "^0.17.0"
      }
    },
    "node_modules/@codemirror/state": {
      "version": "0.17.1",
      "resolved": "https://registry.npmjs.org/@codemirror/state/-/state-0.17.1.tgz",
      "integrity": "sha512-ELgxzackFVC+wBWpGJGFN6OJ+uIdHrgj4BEh6qooju7U5Mdd1bM594QPGzNMRu3uXjfGj7ANHTATRPc0nnQRfA==",
      "license": "MIT",
      "dependencies": {
        "@codemirror/text": "^0.17.0"
      }
    },
    "node_modules/@codemirror/text": {
      "version": "0.17.0",
      "resolved": "https://registry.npmjs.org/@codemirror/text/-/text-0.17.0.tgz",
      "integrity": "sha512-GtjTikiqEuqFdumxp0o3dcjUwSibA6CIjEK2m7a1h/DOvFX09hGrBv2itIQZYY7lQ7yIPVXzZcJJBpfwhZp7TA=="
    },
    "node_modules/@codemirror/view": {
      "version": "0.17.1",
      "resolved": "https://registry.npmjs.org/@codemirror/view/-/view-0.17.1.tgz",
      "integrity": "sha512-rkJylaqZYRkgvTXFswDwRSmqrbEpQWMazy3vLZJz6Nb9PK7AKV4doHvjpG+SSlR9lufmCOA9vBTWrIBdYdkoNQ==",
      "dependencies": {
        "@codemirror/rangeset": "^0.17.0",
        "@codemirror/state": "^0.17.0",
        "@codemirror/text": "^0.17.0",
        "style-mod": "^3.2.0",
        "w3c-keyname": "^2.2.4"
      }
    },
    "node_modules/lezer": {
      "version": "0.13.1",
      "resolved": "https://registry.npmjs.org/lezer/-/lezer-0.13.1.tgz",
      "integrity": "sha512-aDX9OHYWQFt3s7C0IEil//Lckxbr02dCRyxB/uTxVuZjBsNHnUJ8Y83OgDi+uNFwRsexhdoMF0/PSvmky/Fg/g==",
      "dependencies": {
        "lezer-tree": "^0.13.0"
      }
    },
    "node_modules/lezer-tree": {
      "version": "0.13.1",
      "resolved": "https://registry.npmjs.org/lezer-tree/-/lezer-tree-0.13.1.tgz",
      "integrity": "sha512-y3cxVlHldarfzw2bRIQFGajo7mAvRqC7KYGU2OKKgx+nS948t4dIxTnkt+s0vxOcfHZRSNmvi2xufCAspucAow==",
      "license": "MIT"
    },
    "node_modules/style-mod": {
      "version": "3.2.0",
      "resolved": "https://registry.npmjs.org/style-mod/-/style-mod-3.2.0.tgz",
      "integrity": "sha512-U8aygkBSFYXvWnOj49TEGa1baShfvoN2wOkbnfmu7UBmzj7Y3Zz13MnOdrdBVFyAq4UIgFN2+9RRCzucZH1oDA=="
    },
    "node_modules/typescript": {
      "version": "4.1.5",
      "resolved": "https://registry.npmjs.org/typescript/-/typescript-4.1.5.tgz",
      "integrity": "sha512-6OSu9PTIzmn9TCDiovULTnET6BgXtDYL4Gg4szY+cGsc3JP1dQL8qvE8kShTRx1NIw4Q9IBHlwODjkjWEtMUyA==",
      "bin": {
        "tsc": "bin/tsc",
        "tsserver": "bin/tsserver"
      },
      "engines": {
        "node": ">=4.2.0"
      }
    },
    "node_modules/w3c-keyname": {
      "version": "2.2.4",
      "resolved": "https://registry.npmjs.org/w3c-keyname/-/w3c-keyname-2.2.4.tgz",
      "integrity": "sha512-tOhfEwEzFLJzf6d1ZPkYfGj+FWhIpBux9ppoP3rlclw3Z0BZv3N7b7030Z1kYth+6rDuAsXUFr+d0VE6Ed1ikw=="
    }
  },
  "dependencies": {
    "@codemirror/highlight": {
      "version": "0.17.2",
      "resolved": "https://registry.npmjs.org/@codemirror/highlight/-/highlight-0.17.2.tgz",
      "integrity": "sha512-KmSOCHjPv7yO9NAtQnqCNwjLHVwFh9InMwul0+JSsor1qLfBR1ljlmqLr7KUe9WWRnM7oD/eSuwF5uNpGtuaNw==",
      "requires": {
        "@codemirror/language": "^0.17.0",
        "@codemirror/rangeset": "^0.17.0",
        "@codemirror/state": "^0.17.0",
        "@codemirror/view": "^0.17.0",
        "lezer-tree": "^0.13.0",
        "style-mod": "^3.2.0"
      }
    },
    "@codemirror/language": {
      "version": "0.17.4",
      "resolved": "https://registry.npmjs.org/@codemirror/language/-/language-0.17.4.tgz",
      "integrity": "sha512-PAYrnmc1GaUcWjnxydbrhrMUYl/biIv4/fCJdInwHdox7f3WOdOhYwST/B803xVBzlse8spJo2M1+syMxJPM5w==",
      "requires": {
        "@codemirror/state": "^0.17.0",
        "@codemirror/text": "^0.17.0",
        "@codemirror/view": "^0.17.0",
        "lezer": "^0.13.0",
        "lezer-tree": "^0.13.0"
      }
    },
    "@codemirror/rangeset": {
      "version": "0.17.0",
      "resolved": "https://registry.npmjs.org/@codemirror/rangeset/-/rangeset-0.17.0.tgz",
      "integrity": "sha512-LbRyvhyZupXvNBv8UNjIvFKbBhjtbRd+jFxt0A0OUUN4Nol7B12NROVOL3P/MdwoMdR7/FHIIw2zppFTyFZw9A==",
      "requires": {
        "@codemirror/state": "^0.17.0"
      }
    },
    "@codemirror/state": {
      "version": "0.17.1",
      "resolved": "https://registry.npmjs.org/@codemirror/state/-/state-0.17.1.tgz",
      "integrity": "sha512-ELgxzackFVC+wBWpGJGFN6OJ+uIdHrgj4BEh6qooju7U5Mdd1bM594QPGzNMRu3uXjfGj7ANHTATRPc0nnQRfA==",
      "requires": {
        "@codemirror/text": "^0.17.0"
      }
    },
    "@codemirror/text": {
      "version": "0.17.0",
      "resolved": "https://registry.npmjs.org/@codemirror/text/-/text-0.17.0.tgz",
      "integrity": "sha512-GtjTikiqEuqFdumxp0o3dcjUwSibA6CIjEK2m7a1h/DOvFX09hGrBv2itIQZYY7lQ7yIPVXzZcJJBpfwhZp7TA=="
    },
    "@codemirror/view": {
      "version": "0.17.1",
      "resolved": "https://registry.npmjs.org/@codemirror/view/-/view-0.17.1.tgz",
      "integrity": "sha512-rkJylaqZYRkgvTXFswDwRSmqrbEpQWMazy3vLZJz6Nb9PK7AKV4doHvjpG+SSlR9lufmCOA9vBTWrIBdYdkoNQ==",
      "requires": {
        "@codemirror/rangeset": "^0.17.0",
        "@codemirror/state": "^0.17.0",
        "@codemirror/text": "^0.17.0",
        "style-mod": "^3.2.0",
        "w3c-keyname": "^2.2.4"
      }
    },
    "lezer": {
      "version": "0.13.1",
      "resolved": "https://registry.npmjs.org/lezer/-/lezer-0.13.1.tgz",
      "integrity": "sha512-aDX9OHYWQFt3s7C0IEil//Lckxbr02dCRyxB/uTxVuZjBsNHnUJ8Y83OgDi+uNFwRsexhdoMF0/PSvmky/Fg/g==",
      "requires": {
        "lezer-tree": "^0.13.0"
      }
    },
    "lezer-tree": {
      "version": "0.13.1",
      "resolved": "https://registry.npmjs.org/lezer-tree/-/lezer-tree-0.13.1.tgz",
      "integrity": "sha512-y3cxVlHldarfzw2bRIQFGajo7mAvRqC7KYGU2OKKgx+nS948t4dIxTnkt+s0vxOcfHZRSNmvi2xufCAspucAow=="
    },
    "style-mod": {
      "version": "3.2.0",
      "resolved": "https://registry.npmjs.org/style-mod/-/style-mod-3.2.0.tgz",
      "integrity": "sha512-U8aygkBSFYXvWnOj49TEGa1baShfvoN2wOkbnfmu7UBmzj7Y3Zz13MnOdrdBVFyAq4UIgFN2+9RRCzucZH1oDA=="
    },
    "typescript": {
      "version": "4.1.5",
      "resolved": "https://registry.npmjs.org/typescript/-/typescript-4.1.5.tgz",
      "integrity": "sha512-6OSu9PTIzmn9TCDiovULTnET6BgXtDYL4Gg4szY+cGsc3JP1dQL8qvE8kShTRx1NIw4Q9IBHlwODjkjWEtMUyA=="
    },
    "w3c-keyname": {
      "version": "2.2.4",
      "resolved": "https://registry.npmjs.org/w3c-keyname/-/w3c-keyname-2.2.4.tgz",
      "integrity": "sha512-tOhfEwEzFLJzf6d1ZPkYfGj+FWhIpBux9ppoP3rlclw3Z0BZv3N7b7030Z1kYth+6rDuAsXUFr+d0VE6Ed1ikw=="
    }
  }
}
